
Microsoft Visual Studio Solution File, Format Version 12.00
# Visual Studio Version 17
VisualStudioVersion = 17.7.34031.279
MinimumVisualStudioVersion = 10.0.40219.1
Project("{FAE04EC0-301F-11D3-BF4B-00C04F79EFBC}") = "OpenAIApp", "OpenAIApp\OpenAIApp.csproj", "{F4D30F41-3EA0-4672-9286-98C560517071}"
EndProject
Global
	GlobalSection(SolutionConfigurationPlatforms) = preSolution
		Debug|Any CPU = Debug|Any CPU
		Release|Any CPU = Release|Any CPU
	EndGlobalSection
	GlobalSection(ProjectConfigurationPlatforms) = postSolution
		{F4D30F41-3EA0-4672-9286-98C560517071}.Debug|Any CPU.ActiveCfg = Debug|Any CPU
		{F4D30F41-3EA0-4672-9286-98C560517071}.Debug|Any CPU.Build.0 = Debug|Any CPU
		{F4D30F41-3EA0-4672-9286-98C560517071}.Release|Any CPU.ActiveCfg = Release|Any CPU
		{F4D30F41-3EA0-4672-9286-98C560517071}.Release|Any CPU.Build.0 = Release|Any CPU
	EndGlobalSection
	GlobalSection(SolutionProperties) = preSolution
		HideSolutionNode = FALSE
	EndGlobalSection
	GlobalSection(ExtensibilityGlobals) = postSolution
		SolutionGuid = {DF56C61E-2964-41D1-80A7-53ACD5703B94}
	EndGlobalSection
EndGlobal
